// !$*UTF8*$!
{
	archiveVersion = 1;
	classes = {
	};
	objectVersion = 46;
	objects = {

/* Begin PBXBuildFile section */
		041AFD881647E19200905A6F /* DownloadManager.m in Sources */ = {isa = PBXBuildFile; fileRef = 046A4C4D1639343100D51C39 /* DownloadManager.m */; };
		041AFD8A1647E1E500905A6F /* DownloadOperation.m in Sources */ = {isa = PBXBuildFile; fileRef = 046A4C4F1639343100D51C39 /* DownloadOperation.m */; };
		046A4C401639278200D51C39 /* cours.json in Resources */ = {isa = PBXBuildFile; fileRef = 046A4C3F1639278200D51C39 /* cours.json */; };
		046A4C44163927D900D51C39 /* Cours.m in Sources */ = {isa = PBXBuildFile; fileRef = 046A4C43163927D900D51C39 /* Cours.m */; };
		046A4C47163928A500D51C39 /* Wine.m in Sources */ = {isa = PBXBuildFile; fileRef = 046A4C46163928A500D51C39 /* Wine.m */; };
		046A4C4A1639306600D51C39 /* Location.m in Sources */ = {isa = PBXBuildFile; fileRef = 046A4C491639306600D51C39 /* Location.m */; };
		046A4C511639343100D51C39 /* DownloadManager.m in Sources */ = {isa = PBXBuildFile; fileRef = 046A4C4D1639343100D51C39 /* DownloadManager.m */; };
		046A4C521639343100D51C39 /* DownloadOperation.m in Sources */ = {isa = PBXBuildFile; fileRef = 046A4C4F1639343100D51C39 /* DownloadOperation.m */; };
		046B20121619CBB3003DF181 /* UIKit.framework in Frameworks */ = {isa = PBXBuildFile; fileRef = 046B20111619CBB3003DF181 /* UIKit.framework */; };
		046B20141619CBB3003DF181 /* Foundation.framework in Frameworks */ = {isa = PBXBuildFile; fileRef = 046B20131619CBB3003DF181 /* Foundation.framework */; };
		046B20161619CBB3003DF181 /* CoreGraphics.framework in Frameworks */ = {isa = PBXBuildFile; fileRef = 046B20151619CBB3003DF181 /* CoreGraphics.framework */; };
		046B201C1619CBB3003DF181 /* InfoPlist.strings in Resources */ = {isa = PBXBuildFile; fileRef = 046B201A1619CBB3003DF181 /* InfoPlist.strings */; };
		046B201E1619CBB3003DF181 /* main.m in Sources */ = {isa = PBXBuildFile; fileRef = 046B201D1619CBB3003DF181 /* main.m */; };
		046B20221619CBB3003DF181 /* AppDelegate.m in Sources */ = {isa = PBXBuildFile; fileRef = 046B20211619CBB3003DF181 /* AppDelegate.m */; };
		046B20261619CBB3003DF181 /* Default@2x.png in Resources */ = {isa = PBXBuildFile; fileRef = 046B20251619CBB3003DF181 /* Default@2x.png */; };
		046B20281619CBB3003DF181 /* Default-568h@2x.png in Resources */ = {isa = PBXBuildFile; fileRef = 046B20271619CBB3003DF181 /* Default-568h@2x.png */; };
		046B20301619CBB3003DF181 /* SenTestingKit.framework in Frameworks */ = {isa = PBXBuildFile; fileRef = 046B202F1619CBB3003DF181 /* SenTestingKit.framework */; };
		046B20311619CBB3003DF181 /* UIKit.framework in Frameworks */ = {isa = PBXBuildFile; fileRef = 046B20111619CBB3003DF181 /* UIKit.framework */; };
		046B20321619CBB3003DF181 /* Foundation.framework in Frameworks */ = {isa = PBXBuildFile; fileRef = 046B20131619CBB3003DF181 /* Foundation.framework */; };
		046B203A1619CBB4003DF181 /* InfoPlist.strings in Resources */ = {isa = PBXBuildFile; fileRef = 046B20381619CBB4003DF181 /* InfoPlist.strings */; };
		046B203D1619CBB4003DF181 /* ProjetiPhoneTests.m in Sources */ = {isa = PBXBuildFile; fileRef = 046B203C1619CBB4003DF181 /* ProjetiPhoneTests.m */; };
		0477AF70161C65E7007442FB /* CoursListViewController.m in Sources */ = {isa = PBXBuildFile; fileRef = 0477AF6F161C65E7007442FB /* CoursListViewController.m */; };
		0477AF74161C67F5007442FB /* MyProfilViewController.m in Sources */ = {isa = PBXBuildFile; fileRef = 0477AF73161C67F5007442FB /* MyProfilViewController.m */; };
		0477AF76161C6900007442FB /* 140-gradhat.png in Resources */ = {isa = PBXBuildFile; fileRef = 0477AF75161C6900007442FB /* 140-gradhat.png */; };
		0477AF78161C6939007442FB /* 111-user.png in Resources */ = {isa = PBXBuildFile; fileRef = 0477AF77161C6939007442FB /* 111-user.png */; };
		0477AF7B161C740A007442FB /* DetailCoursViewController.m in Sources */ = {isa = PBXBuildFile; fileRef = 0477AF7A161C740A007442FB /* DetailCoursViewController.m */; };
		0477AF7F161C7B2C007442FB /* WineListViewController.m in Sources */ = {isa = PBXBuildFile; fileRef = 0477AF7E161C7B2C007442FB /* WineListViewController.m */; };
		0477AF81161C7D3C007442FB /* 142-wine-bottle.png in Resources */ = {isa = PBXBuildFile; fileRef = 0477AF80161C7D3C007442FB /* 142-wine-bottle.png */; };
		0477AF87161C7EEC007442FB /* DetailWineViewController.m in Sources */ = {isa = PBXBuildFile; fileRef = 0477AF86161C7EEC007442FB /* DetailWineViewController.m */; };
		047ACDF116A2F70200901B69 /* FacebookSDK.framework in Frameworks */ = {isa = PBXBuildFile; fileRef = 047ACDF016A2F70200901B69 /* FacebookSDK.framework */; };
		047ACDF316A2F79000901B69 /* FacebookSDKResources.bundle in Resources */ = {isa = PBXBuildFile; fileRef = 047ACDF216A2F79000901B69 /* FacebookSDKResources.bundle */; };
		047ACDF516A2F7BA00901B69 /* FBUserSettingsViewResources.bundle in Resources */ = {isa = PBXBuildFile; fileRef = 047ACDF416A2F7BA00901B69 /* FBUserSettingsViewResources.bundle */; };
		047ACDF916A2F7FA00901B69 /* Accounts.framework in Frameworks */ = {isa = PBXBuildFile; fileRef = 047ACDF616A2F7FA00901B69 /* Accounts.framework */; };
		047ACDFA16A2F7FA00901B69 /* AdSupport.framework in Frameworks */ = {isa = PBXBuildFile; fileRef = 047ACDF716A2F7FA00901B69 /* AdSupport.framework */; };
		047ACDFB16A2F7FA00901B69 /* Social.framework in Frameworks */ = {isa = PBXBuildFile; fileRef = 047ACDF816A2F7FA00901B69 /* Social.framework */; };
		047ACE0516A2FF8D00901B69 /* action-eating.png in Resources */ = {isa = PBXBuildFile; fileRef = 047ACE0116A2FF8D00901B69 /* action-eating.png */; };
		047ACE0616A2FF8D00901B69 /* action-location.png in Resources */ = {isa = PBXBuildFile; fileRef = 047ACE0216A2FF8D00901B69 /* action-location.png */; };
		047ACE0716A2FF8D00901B69 /* action-people.png in Resources */ = {isa = PBXBuildFile; fileRef = 047ACE0316A2FF8D00901B69 /* action-people.png */; };
		047ACE0816A2FF8D00901B69 /* facebook.png in Resources */ = {isa = PBXBuildFile; fileRef = 047ACE0416A2FF8D00901B69 /* facebook.png */; };
		047ACE0C16A3001000901B69 /* SCLoginViewController.m in Sources */ = {isa = PBXBuildFile; fileRef = 047ACE0A16A3001000901B69 /* SCLoginViewController.m */; };
		047ACE0D16A3001000901B69 /* SCLoginViewController.xib in Resources */ = {isa = PBXBuildFile; fileRef = 047ACE0B16A3001000901B69 /* SCLoginViewController.xib */; };
		04A472DF169F448F00BEF38B /* MapKit.framework in Frameworks */ = {isa = PBXBuildFile; fileRef = 04A472DE169F448F00BEF38B /* MapKit.framework */; };
		04A47DB21624429600791595 /* 70-tv.png in Resources */ = {isa = PBXBuildFile; fileRef = 04A47DB11624429600791595 /* 70-tv.png */; };
		04A47DB5162442CD00791595 /* VideoListViewController.m in Sources */ = {isa = PBXBuildFile; fileRef = 04A47DB4162442CD00791595 /* VideoListViewController.m */; };
		04A47DB81624444700791595 /* DetailVideoViewController.m in Sources */ = {isa = PBXBuildFile; fileRef = 04A47DB71624444700791595 /* DetailVideoViewController.m */; };
		04A47DC116244C5900791595 /* AboutViewController.m in Sources */ = {isa = PBXBuildFile; fileRef = 04A47DC016244C5900791595 /* AboutViewController.m */; };
		04A47DC416244C7300791595 /* CommandeListViewController.m in Sources */ = {isa = PBXBuildFile; fileRef = 04A47DC316244C7300791595 /* CommandeListViewController.m */; };
		04A47DC716244C9200791595 /* DetailCommandeViewController.m in Sources */ = {isa = PBXBuildFile; fileRef = 04A47DC616244C9200791595 /* DetailCommandeViewController.m */; };
		04A47DC916244EAF00791595 /* 172-pricetag.png in Resources */ = {isa = PBXBuildFile; fileRef = 04A47DC816244EAF00791595 /* 172-pricetag.png */; };
		04A47DCB16244F0F00791595 /* 90-life-buoy.png in Resources */ = {isa = PBXBuildFile; fileRef = 04A47DCA16244F0F00791595 /* 90-life-buoy.png */; };
		04A47DD01624540000791595 /* Default.png in Resources */ = {isa = PBXBuildFile; fileRef = 04A47DCF1624540000791595 /* Default.png */; };
		04A47DDA16245D5300791595 /* CHANGELOG.md in Resources */ = {isa = PBXBuildFile; fileRef = 04A47DD616245D5300791595 /* CHANGELOG.md */; };
		04A47DDB16245D5300791595 /* JSONKit.m in Sources */ = {isa = PBXBuildFile; fileRef = 04A47DD816245D5300791595 /* JSONKit.m */; settings = {COMPILER_FLAGS = "-fno-objc-arc"; }; };
		04A47DDC16245D5300791595 /* README.md in Resources */ = {isa = PBXBuildFile; fileRef = 04A47DD916245D5300791595 /* README.md */; };
		04A47E1616245EF100791595 /* LBYouTubeExtractor.m in Sources */ = {isa = PBXBuildFile; fileRef = 04A47E1116245EF100791595 /* LBYouTubeExtractor.m */; };
		04A47E1716245EF100791595 /* LBYouTubePlayerController.m in Sources */ = {isa = PBXBuildFile; fileRef = 04A47E1316245EF100791595 /* LBYouTubePlayerController.m */; };
		04A47E1816245EF100791595 /* LBYouTubePlayerViewController.m in Sources */ = {isa = PBXBuildFile; fileRef = 04A47E1516245EF100791595 /* LBYouTubePlayerViewController.m */; };
		04A47E1A16245F7800791595 /* MediaPlayer.framework in Frameworks */ = {isa = PBXBuildFile; fileRef = 04A47E1916245F7800791595 /* MediaPlayer.framework */; };
		04A47E1D162465AE00791595 /* 87-wine-glass.png in Resources */ = {isa = PBXBuildFile; fileRef = 04A47E1C162465AD00791595 /* 87-wine-glass.png */; };
		04A47E1F1624661700791595 /* 45-movie-1.png in Resources */ = {isa = PBXBuildFile; fileRef = 04A47E1E1624661700791595 /* 45-movie-1.png */; };
		04D4B3A416A40B300079A964 /* Video.m in Sources */ = {isa = PBXBuildFile; fileRef = 04D4B3A316A40B300079A964 /* Video.m */; };
		04DD5DA916A1ED1F0059AE4F /* vins.json in Resources */ = {isa = PBXBuildFile; fileRef = 04DD5DA816A1ED1F0059AE4F /* vins.json */; };
/* End PBXBuildFile section */

/* Begin PBXContainerItemProxy section */
		046B20331619CBB3003DF181 /* PBXContainerItemProxy */ = {
			isa = PBXContainerItemProxy;
			containerPortal = 046B20041619CBB3003DF181 /* Project object */;
			proxyType = 1;
			remoteGlobalIDString = 046B200C1619CBB3003DF181;
			remoteInfo = ProjetiPhone;
		};
/* End PBXContainerItemProxy section */

/* Begin PBXFileReference section */
		046A4C3F1639278200D51C39 /* cours.json */ = {isa = PBXFileReference; fileEncoding = 4; lastKnownFileType = text.json; path = cours.json; sourceTree = "<group>"; };
		046A4C42163927D900D51C39 /* Cours.h */ = {isa = PBXFileReference; fileEncoding = 4; lastKnownFileType = sourcecode.c.h; path = Cours.h; sourceTree = "<group>"; };
		046A4C43163927D900D51C39 /* Cours.m */ = {isa = PBXFileReference; fileEncoding = 4; lastKnownFileType = sourcecode.c.objc; path = Cours.m; sourceTree = "<group>"; };
		046A4C45163928A500D51C39 /* Wine.h */ = {isa = PBXFileReference; fileEncoding = 4; lastKnownFileType = sourcecode.c.h; path = Wine.h; sourceTree = "<group>"; };
		046A4C46163928A500D51C39 /* Wine.m */ = {isa = PBXFileReference; fileEncoding = 4; lastKnownFileType = sourcecode.c.objc; path = Wine.m; sourceTree = "<group>"; };
		046A4C481639306600D51C39 /* Location.h */ = {isa = PBXFileReference; fileEncoding = 4; lastKnownFileType = sourcecode.c.h; path = Location.h; sourceTree = "<group>"; };
		046A4C491639306600D51C39 /* Location.m */ = {isa = PBXFileReference; fileEncoding = 4; lastKnownFileType = sourcecode.c.objc; path = Location.m; sourceTree = "<group>"; };
		046A4C4C1639343100D51C39 /* DownloadManager.h */ = {isa = PBXFileReference; fileEncoding = 4; lastKnownFileType = sourcecode.c.h; path = DownloadManager.h; sourceTree = "<group>"; };
		046A4C4D1639343100D51C39 /* DownloadManager.m */ = {isa = PBXFileReference; fileEncoding = 4; lastKnownFileType = sourcecode.c.objc; path = DownloadManager.m; sourceTree = "<group>"; };
		046A4C4E1639343100D51C39 /* DownloadOperation.h */ = {isa = PBXFileReference; fileEncoding = 4; lastKnownFileType = sourcecode.c.h; path = DownloadOperation.h; sourceTree = "<group>"; };
		046A4C4F1639343100D51C39 /* DownloadOperation.m */ = {isa = PBXFileReference; fileEncoding = 4; lastKnownFileType = sourcecode.c.objc; path = DownloadOperation.m; sourceTree = "<group>"; };
		046A4C501639343100D51C39 /* DownloadDelegate.h */ = {isa = PBXFileReference; fileEncoding = 4; lastKnownFileType = sourcecode.c.h; path = DownloadDelegate.h; sourceTree = "<group>"; };
		046B200D1619CBB3003DF181 /* ProjetiPhone.app */ = {isa = PBXFileReference; explicitFileType = wrapper.application; includeInIndex = 0; path = ProjetiPhone.app; sourceTree = BUILT_PRODUCTS_DIR; };
		046B20111619CBB3003DF181 /* UIKit.framework */ = {isa = PBXFileReference; lastKnownFileType = wrapper.framework; name = UIKit.framework; path = System/Library/Frameworks/UIKit.framework; sourceTree = SDKROOT; };
		046B20131619CBB3003DF181 /* Foundation.framework */ = {isa = PBXFileReference; lastKnownFileType = wrapper.framework; name = Foundation.framework; path = System/Library/Frameworks/Foundation.framework; sourceTree = SDKROOT; };
		046B20151619CBB3003DF181 /* CoreGraphics.framework */ = {isa = PBXFileReference; lastKnownFileType = wrapper.framework; name = CoreGraphics.framework; path = System/Library/Frameworks/CoreGraphics.framework; sourceTree = SDKROOT; };
		046B20191619CBB3003DF181 /* ProjetiPhone-Info.plist */ = {isa = PBXFileReference; lastKnownFileType = text.plist.xml; path = "ProjetiPhone-Info.plist"; sourceTree = "<group>"; };
		046B201B1619CBB3003DF181 /* en */ = {isa = PBXFileReference; lastKnownFileType = text.plist.strings; name = en; path = en.lproj/InfoPlist.strings; sourceTree = "<group>"; };
		046B201D1619CBB3003DF181 /* main.m */ = {isa = PBXFileReference; lastKnownFileType = sourcecode.c.objc; path = main.m; sourceTree = "<group>"; };
		046B201F1619CBB3003DF181 /* ProjetiPhone-Prefix.pch */ = {isa = PBXFileReference; lastKnownFileType = sourcecode.c.h; path = "ProjetiPhone-Prefix.pch"; sourceTree = "<group>"; };
		046B20201619CBB3003DF181 /* AppDelegate.h */ = {isa = PBXFileReference; lastKnownFileType = sourcecode.c.h; path = AppDelegate.h; sourceTree = "<group>"; };
		046B20211619CBB3003DF181 /* AppDelegate.m */ = {isa = PBXFileReference; lastKnownFileType = sourcecode.c.objc; path = AppDelegate.m; sourceTree = "<group>"; };
		046B20251619CBB3003DF181 /* Default@2x.png */ = {isa = PBXFileReference; lastKnownFileType = image.png; path = "Default@2x.png"; sourceTree = "<group>"; };
		046B20271619CBB3003DF181 /* Default-568h@2x.png */ = {isa = PBXFileReference; lastKnownFileType = image.png; path = "Default-568h@2x.png"; sourceTree = "<group>"; };
		046B202E1619CBB3003DF181 /* ProjetiPhoneTests.octest */ = {isa = PBXFileReference; explicitFileType = wrapper.cfbundle; includeInIndex = 0; path = ProjetiPhoneTests.octest; sourceTree = BUILT_PRODUCTS_DIR; };
		046B202F1619CBB3003DF181 /* SenTestingKit.framework */ = {isa = PBXFileReference; lastKnownFileType = wrapper.framework; name = SenTestingKit.framework; path = Library/Frameworks/SenTestingKit.framework; sourceTree = DEVELOPER_DIR; };
		046B20371619CBB4003DF181 /* ProjetiPhoneTests-Info.plist */ = {isa = PBXFileReference; lastKnownFileType = text.plist.xml; path = "ProjetiPhoneTests-Info.plist"; sourceTree = "<group>"; };
		046B20391619CBB4003DF181 /* en */ = {isa = PBXFileReference; lastKnownFileType = text.plist.strings; name = en; path = en.lproj/InfoPlist.strings; sourceTree = "<group>"; };
		046B203B1619CBB4003DF181 /* ProjetiPhoneTests.h */ = {isa = PBXFileReference; lastKnownFileType = sourcecode.c.h; path = ProjetiPhoneTests.h; sourceTree = "<group>"; };
		046B203C1619CBB4003DF181 /* ProjetiPhoneTests.m */ = {isa = PBXFileReference; lastKnownFileType = sourcecode.c.objc; path = ProjetiPhoneTests.m; sourceTree = "<group>"; };
		0477AF6E161C65E7007442FB /* CoursListViewController.h */ = {isa = PBXFileReference; fileEncoding = 4; lastKnownFileType = sourcecode.c.h; path = CoursListViewController.h; sourceTree = "<group>"; };
		0477AF6F161C65E7007442FB /* CoursListViewController.m */ = {isa = PBXFileReference; fileEncoding = 4; lastKnownFileType = sourcecode.c.objc; path = CoursListViewController.m; sourceTree = "<group>"; };
		0477AF72161C67F5007442FB /* MyProfilViewController.h */ = {isa = PBXFileReference; fileEncoding = 4; lastKnownFileType = sourcecode.c.h; path = MyProfilViewController.h; sourceTree = "<group>"; };
		0477AF73161C67F5007442FB /* MyProfilViewController.m */ = {isa = PBXFileReference; fileEncoding = 4; lastKnownFileType = sourcecode.c.objc; path = MyProfilViewController.m; sourceTree = "<group>"; };
		0477AF75161C6900007442FB /* 140-gradhat.png */ = {isa = PBXFileReference; lastKnownFileType = image.png; path = "140-gradhat.png"; sourceTree = "<group>"; };
		0477AF77161C6939007442FB /* 111-user.png */ = {isa = PBXFileReference; lastKnownFileType = image.png; path = "111-user.png"; sourceTree = "<group>"; };
		0477AF79161C740A007442FB /* DetailCoursViewController.h */ = {isa = PBXFileReference; fileEncoding = 4; lastKnownFileType = sourcecode.c.h; path = DetailCoursViewController.h; sourceTree = "<group>"; };
		0477AF7A161C740A007442FB /* DetailCoursViewController.m */ = {isa = PBXFileReference; fileEncoding = 4; lastKnownFileType = sourcecode.c.objc; path = DetailCoursViewController.m; sourceTree = "<group>"; };
		0477AF7D161C7B2C007442FB /* WineListViewController.h */ = {isa = PBXFileReference; fileEncoding = 4; lastKnownFileType = sourcecode.c.h; path = WineListViewController.h; sourceTree = "<group>"; };
		0477AF7E161C7B2C007442FB /* WineListViewController.m */ = {isa = PBXFileReference; fileEncoding = 4; lastKnownFileType = sourcecode.c.objc; path = WineListViewController.m; sourceTree = "<group>"; };
		0477AF80161C7D3C007442FB /* 142-wine-bottle.png */ = {isa = PBXFileReference; lastKnownFileType = image.png; path = "142-wine-bottle.png"; sourceTree = "<group>"; };
		0477AF85161C7EEC007442FB /* DetailWineViewController.h */ = {isa = PBXFileReference; fileEncoding = 4; lastKnownFileType = sourcecode.c.h; path = DetailWineViewController.h; sourceTree = "<group>"; };
		0477AF86161C7EEC007442FB /* DetailWineViewController.m */ = {isa = PBXFileReference; fileEncoding = 4; lastKnownFileType = sourcecode.c.objc; path = DetailWineViewController.m; sourceTree = "<group>"; };
		047ACDF016A2F70200901B69 /* FacebookSDK.framework */ = {isa = PBXFileReference; lastKnownFileType = wrapper.framework; path = FacebookSDK.framework; sourceTree = "<group>"; };
		047ACDF216A2F79000901B69 /* FacebookSDKResources.bundle */ = {isa = PBXFileReference; lastKnownFileType = "wrapper.plug-in"; path = FacebookSDKResources.bundle; sourceTree = "<group>"; };
		047ACDF416A2F7BA00901B69 /* FBUserSettingsViewResources.bundle */ = {isa = PBXFileReference; lastKnownFileType = "wrapper.plug-in"; path = FBUserSettingsViewResources.bundle; sourceTree = "<group>"; };
		047ACDF616A2F7FA00901B69 /* Accounts.framework */ = {isa = PBXFileReference; lastKnownFileType = wrapper.framework; name = Accounts.framework; path = System/Library/Frameworks/Accounts.framework; sourceTree = SDKROOT; };
		047ACDF716A2F7FA00901B69 /* AdSupport.framework */ = {isa = PBXFileReference; lastKnownFileType = wrapper.framework; name = AdSupport.framework; path = System/Library/Frameworks/AdSupport.framework; sourceTree = SDKROOT; };
		047ACDF816A2F7FA00901B69 /* Social.framework */ = {isa = PBXFileReference; lastKnownFileType = wrapper.framework; name = Social.framework; path = System/Library/Frameworks/Social.framework; sourceTree = SDKROOT; };
		047ACE0116A2FF8D00901B69 /* action-eating.png */ = {isa = PBXFileReference; lastKnownFileType = image.png; path = "action-eating.png"; sourceTree = "<group>"; };
		047ACE0216A2FF8D00901B69 /* action-location.png */ = {isa = PBXFileReference; lastKnownFileType = image.png; path = "action-location.png"; sourceTree = "<group>"; };
		047ACE0316A2FF8D00901B69 /* action-people.png */ = {isa = PBXFileReference; lastKnownFileType = image.png; path = "action-people.png"; sourceTree = "<group>"; };
		047ACE0416A2FF8D00901B69 /* facebook.png */ = {isa = PBXFileReference; lastKnownFileType = image.png; path = facebook.png; sourceTree = "<group>"; };
		047ACE0916A3001000901B69 /* SCLoginViewController.h */ = {isa = PBXFileReference; fileEncoding = 4; lastKnownFileType = sourcecode.c.h; path = SCLoginViewController.h; sourceTree = "<group>"; };
		047ACE0A16A3001000901B69 /* SCLoginViewController.m */ = {isa = PBXFileReference; fileEncoding = 4; lastKnownFileType = sourcecode.c.objc; path = SCLoginViewController.m; sourceTree = "<group>"; };
		047ACE0B16A3001000901B69 /* SCLoginViewController.xib */ = {isa = PBXFileReference; fileEncoding = 4; lastKnownFileType = file.xib; path = SCLoginViewController.xib; sourceTree = "<group>"; };
		04A472DE169F448F00BEF38B /* MapKit.framework */ = {isa = PBXFileReference; lastKnownFileType = wrapper.framework; name = MapKit.framework; path = System/Library/Frameworks/MapKit.framework; sourceTree = SDKROOT; };
		04A47DB11624429600791595 /* 70-tv.png */ = {isa = PBXFileReference; lastKnownFileType = image.png; path = "70-tv.png"; sourceTree = "<group>"; };
		04A47DB3162442CD00791595 /* VideoListViewController.h */ = {isa = PBXFileReference; fileEncoding = 4; lastKnownFileType = sourcecode.c.h; path = VideoListViewController.h; sourceTree = "<group>"; };
		04A47DB4162442CD00791595 /* VideoListViewController.m */ = {isa = PBXFileReference; fileEncoding = 4; lastKnownFileType = sourcecode.c.objc; path = VideoListViewController.m; sourceTree = "<group>"; };
		04A47DB61624444700791595 /* DetailVideoViewController.h */ = {isa = PBXFileReference; fileEncoding = 4; lastKnownFileType = sourcecode.c.h; path = DetailVideoViewController.h; sourceTree = "<group>"; };
		04A47DB71624444700791595 /* DetailVideoViewController.m */ = {isa = PBXFileReference; fileEncoding = 4; lastKnownFileType = sourcecode.c.objc; path = DetailVideoViewController.m; sourceTree = "<group>"; };
		04A47DBF16244C5900791595 /* AboutViewController.h */ = {isa = PBXFileReference; fileEncoding = 4; lastKnownFileType = sourcecode.c.h; path = AboutViewController.h; sourceTree = "<group>"; };
		04A47DC016244C5900791595 /* AboutViewController.m */ = {isa = PBXFileReference; fileEncoding = 4; lastKnownFileType = sourcecode.c.objc; path = AboutViewController.m; sourceTree = "<group>"; };
		04A47DC216244C7300791595 /* CommandeListViewController.h */ = {isa = PBXFileReference; fileEncoding = 4; lastKnownFileType = sourcecode.c.h; path = CommandeListViewController.h; sourceTree = "<group>"; };
		04A47DC316244C7300791595 /* CommandeListViewController.m */ = {isa = PBXFileReference; fileEncoding = 4; lastKnownFileType = sourcecode.c.objc; path = CommandeListViewController.m; sourceTree = "<group>"; };
		04A47DC516244C9200791595 /* DetailCommandeViewController.h */ = {isa = PBXFileReference; fileEncoding = 4; lastKnownFileType = sourcecode.c.h; path = DetailCommandeViewController.h; sourceTree = "<group>"; };
		04A47DC616244C9200791595 /* DetailCommandeViewController.m */ = {isa = PBXFileReference; fileEncoding = 4; lastKnownFileType = sourcecode.c.objc; path = DetailCommandeViewController.m; sourceTree = "<group>"; };
		04A47DC816244EAF00791595 /* 172-pricetag.png */ = {isa = PBXFileReference; lastKnownFileType = image.png; path = "172-pricetag.png"; sourceTree = "<group>"; };
		04A47DCA16244F0F00791595 /* 90-life-buoy.png */ = {isa = PBXFileReference; lastKnownFileType = image.png; path = "90-life-buoy.png"; sourceTree = "<group>"; };
		04A47DCF1624540000791595 /* Default.png */ = {isa = PBXFileReference; lastKnownFileType = image.png; path = Default.png; sourceTree = "<group>"; };
		04A47DD616245D5300791595 /* CHANGELOG.md */ = {isa = PBXFileReference; fileEncoding = 4; lastKnownFileType = text; path = CHANGELOG.md; sourceTree = "<group>"; };
		04A47DD716245D5300791595 /* JSONKit.h */ = {isa = PBXFileReference; fileEncoding = 4; lastKnownFileType = sourcecode.c.h; path = JSONKit.h; sourceTree = "<group>"; };
		04A47DD816245D5300791595 /* JSONKit.m */ = {isa = PBXFileReference; fileEncoding = 4; lastKnownFileType = sourcecode.c.objc; path = JSONKit.m; sourceTree = "<group>"; };
		04A47DD916245D5300791595 /* README.md */ = {isa = PBXFileReference; fileEncoding = 4; lastKnownFileType = text; path = README.md; sourceTree = "<group>"; };
		04A47E0F16245EF100791595 /* LBYouTube.h */ = {isa = PBXFileReference; fileEncoding = 4; lastKnownFileType = sourcecode.c.h; path = LBYouTube.h; sourceTree = "<group>"; };
		04A47E1016245EF100791595 /* LBYouTubeExtractor.h */ = {isa = PBXFileReference; fileEncoding = 4; lastKnownFileType = sourcecode.c.h; path = LBYouTubeExtractor.h; sourceTree = "<group>"; };
		04A47E1116245EF100791595 /* LBYouTubeExtractor.m */ = {isa = PBXFileReference; fileEncoding = 4; lastKnownFileType = sourcecode.c.objc; path = LBYouTubeExtractor.m; sourceTree = "<group>"; };
		04A47E1216245EF100791595 /* LBYouTubePlayerController.h */ = {isa = PBXFileReference; fileEncoding = 4; lastKnownFileType = sourcecode.c.h; path = LBYouTubePlayerController.h; sourceTree = "<group>"; };
		04A47E1316245EF100791595 /* LBYouTubePlayerController.m */ = {isa = PBXFileReference; fileEncoding = 4; lastKnownFileType = sourcecode.c.objc; path = LBYouTubePlayerController.m; sourceTree = "<group>"; };
		04A47E1416245EF100791595 /* LBYouTubePlayerViewController.h */ = {isa = PBXFileReference; fileEncoding = 4; lastKnownFileType = sourcecode.c.h; path = LBYouTubePlayerViewController.h; sourceTree = "<group>"; };
		04A47E1516245EF100791595 /* LBYouTubePlayerViewController.m */ = {isa = PBXFileReference; fileEncoding = 4; lastKnownFileType = sourcecode.c.objc; path = LBYouTubePlayerViewController.m; sourceTree = "<group>"; };
		04A47E1916245F7800791595 /* MediaPlayer.framework */ = {isa = PBXFileReference; lastKnownFileType = wrapper.framework; name = MediaPlayer.framework; path = System/Library/Frameworks/MediaPlayer.framework; sourceTree = SDKROOT; };
		04A47E1C162465AD00791595 /* 87-wine-glass.png */ = {isa = PBXFileReference; lastKnownFileType = image.png; path = "87-wine-glass.png"; sourceTree = "<group>"; };
		04A47E1E1624661700791595 /* 45-movie-1.png */ = {isa = PBXFileReference; lastKnownFileType = image.png; path = "45-movie-1.png"; sourceTree = "<group>"; };
		04D4B3A216A40B300079A964 /* Video.h */ = {isa = PBXFileReference; fileEncoding = 4; lastKnownFileType = sourcecode.c.h; path = Video.h; sourceTree = "<group>"; };
		04D4B3A316A40B300079A964 /* Video.m */ = {isa = PBXFileReference; fileEncoding = 4; lastKnownFileType = sourcecode.c.objc; path = Video.m; sourceTree = "<group>"; };
		04DD5DA816A1ED1F0059AE4F /* vins.json */ = {isa = PBXFileReference; fileEncoding = 4; lastKnownFileType = text.json; path = vins.json; sourceTree = "<group>"; };
/* End PBXFileReference section */

/* Begin PBXFrameworksBuildPhase section */
		046B200A1619CBB3003DF181 /* Frameworks */ = {
			isa = PBXFrameworksBuildPhase;
			buildActionMask = 2147483647;
			files = (
				047ACDF916A2F7FA00901B69 /* Accounts.framework in Frameworks */,
				047ACDFA16A2F7FA00901B69 /* AdSupport.framework in Frameworks */,
				047ACDFB16A2F7FA00901B69 /* Social.framework in Frameworks */,
				04A472DF169F448F00BEF38B /* MapKit.framework in Frameworks */,
				04A47E1A16245F7800791595 /* MediaPlayer.framework in Frameworks */,
				046B20121619CBB3003DF181 /* UIKit.framework in Frameworks */,
				046B20141619CBB3003DF181 /* Foundation.framework in Frameworks */,
				046B20161619CBB3003DF181 /* CoreGraphics.framework in Frameworks */,
				047ACDF116A2F70200901B69 /* FacebookSDK.framework in Frameworks */,
			);
			runOnlyForDeploymentPostprocessing = 0;
		};
		046B202A1619CBB3003DF181 /* Frameworks */ = {
			isa = PBXFrameworksBuildPhase;
			buildActionMask = 2147483647;
			files = (
				046B20301619CBB3003DF181 /* SenTestingKit.framework in Frameworks */,
				046B20311619CBB3003DF181 /* UIKit.framework in Frameworks */,
				046B20321619CBB3003DF181 /* Foundation.framework in Frameworks */,
			);
			runOnlyForDeploymentPostprocessing = 0;
		};
/* End PBXFrameworksBuildPhase section */

/* Begin PBXGroup section */
		041F0A4A16A4547800212B39 /* Facebook */ = {
			isa = PBXGroup;
			children = (
			);
			name = Facebook;
			sourceTree = "<group>";
		};
		046A4C4B1639341900D51C39 /* Download is not that easy ! */ = {
			isa = PBXGroup;
			children = (
				046A4C4C1639343100D51C39 /* DownloadManager.h */,
				046A4C4D1639343100D51C39 /* DownloadManager.m */,
				046A4C4E1639343100D51C39 /* DownloadOperation.h */,
				046A4C4F1639343100D51C39 /* DownloadOperation.m */,
				046A4C501639343100D51C39 /* DownloadDelegate.h */,
			);
			name = "Download is not that easy !";
			sourceTree = "<group>";
		};
		046B20021619CBB3003DF181 = {
			isa = PBXGroup;
			children = (
				047ACDF616A2F7FA00901B69 /* Accounts.framework */,
				047ACDF716A2F7FA00901B69 /* AdSupport.framework */,
				047ACDF816A2F7FA00901B69 /* Social.framework */,
				046B20171619CBB3003DF181 /* ProjetiPhone */,
				046B20351619CBB3003DF181 /* ProjetiPhoneTests */,
				046B20101619CBB3003DF181 /* Frameworks */,
				046B200E1619CBB3003DF181 /* Products */,
			);
			sourceTree = "<group>";
		};
		046B200E1619CBB3003DF181 /* Products */ = {
			isa = PBXGroup;
			children = (
				046B200D1619CBB3003DF181 /* ProjetiPhone.app */,
				046B202E1619CBB3003DF181 /* ProjetiPhoneTests.octest */,
			);
			name = Products;
			sourceTree = "<group>";
		};
		046B20101619CBB3003DF181 /* Frameworks */ = {
			isa = PBXGroup;
			children = (
				047ACDF416A2F7BA00901B69 /* FBUserSettingsViewResources.bundle */,
				047ACDF216A2F79000901B69 /* FacebookSDKResources.bundle */,
				047ACDF016A2F70200901B69 /* FacebookSDK.framework */,
				04A472DE169F448F00BEF38B /* MapKit.framework */,
				04A47E1916245F7800791595 /* MediaPlayer.framework */,
				046B20111619CBB3003DF181 /* UIKit.framework */,
				046B20131619CBB3003DF181 /* Foundation.framework */,
				046B20151619CBB3003DF181 /* CoreGraphics.framework */,
				046B202F1619CBB3003DF181 /* SenTestingKit.framework */,
			);
			name = Frameworks;
			sourceTree = "<group>";
		};
		046B20171619CBB3003DF181 /* ProjetiPhone */ = {
			isa = PBXGroup;
			children = (
				041F0A4A16A4547800212B39 /* Facebook */,
				046A4C4B1639341900D51C39 /* Download is not that easy ! */,
				04A47E1B162461CD00791595 /* SubModule */,
				04A47DBE16244C3400791595 /* Commande */,
				04A47DBD16244C2A00791595 /* About */,
				04A47DAF1624421600791595 /* Video */,
				0477AF7C161C7AE0007442FB /* Wine */,
				0477AF71161C679A007442FB /* Profil */,
				0477AF6D161C64C4007442FB /* Cours */,
				046B20201619CBB3003DF181 /* AppDelegate.h */,
				046B20211619CBB3003DF181 /* AppDelegate.m */,
				046B20181619CBB3003DF181 /* Supporting Files */,
			);
			path = ProjetiPhone;
			sourceTree = "<group>";
		};
		046B20181619CBB3003DF181 /* Supporting Files */ = {
			isa = PBXGroup;
			children = (
				046B20191619CBB3003DF181 /* ProjetiPhone-Info.plist */,
				046B201A1619CBB3003DF181 /* InfoPlist.strings */,
				046B201D1619CBB3003DF181 /* main.m */,
				046B201F1619CBB3003DF181 /* ProjetiPhone-Prefix.pch */,
				04A47DCF1624540000791595 /* Default.png */,
				046B20251619CBB3003DF181 /* Default@2x.png */,
				046B20271619CBB3003DF181 /* Default-568h@2x.png */,
			);
			name = "Supporting Files";
			sourceTree = "<group>";
		};
		046B20351619CBB3003DF181 /* ProjetiPhoneTests */ = {
			isa = PBXGroup;
			children = (
				046B203B1619CBB4003DF181 /* ProjetiPhoneTests.h */,
				046B203C1619CBB4003DF181 /* ProjetiPhoneTests.m */,
				046B20361619CBB4003DF181 /* Supporting Files */,
			);
			path = ProjetiPhoneTests;
			sourceTree = "<group>";
		};
		046B20361619CBB4003DF181 /* Supporting Files */ = {
			isa = PBXGroup;
			children = (
				046B20371619CBB4003DF181 /* ProjetiPhoneTests-Info.plist */,
				046B20381619CBB4003DF181 /* InfoPlist.strings */,
			);
			name = "Supporting Files";
			sourceTree = "<group>";
		};
		0477AF6D161C64C4007442FB /* Cours */ = {
			isa = PBXGroup;
			children = (
				046A4C491639306600D51C39 /* Location.m */,
				046A4C481639306600D51C39 /* Location.h */,
				046A4C46163928A500D51C39 /* Wine.m */,
				046A4C45163928A500D51C39 /* Wine.h */,
				046A4C43163927D900D51C39 /* Cours.m */,
				046A4C42163927D900D51C39 /* Cours.h */,
				0477AF6F161C65E7007442FB /* CoursListViewController.m */,
				0477AF6E161C65E7007442FB /* CoursListViewController.h */,
				0477AF7A161C740A007442FB /* DetailCoursViewController.m */,
				0477AF79161C740A007442FB /* DetailCoursViewController.h */,
				0477AF75161C6900007442FB /* 140-gradhat.png */,
				046A4C3F1639278200D51C39 /* cours.json */,
			);
			name = Cours;
			sourceTree = "<group>";
		};
		0477AF71161C679A007442FB /* Profil */ = {
			isa = PBXGroup;
			children = (
				0477AF73161C67F5007442FB /* MyProfilViewController.m */,
				0477AF72161C67F5007442FB /* MyProfilViewController.h */,
				0477AF77161C6939007442FB /* 111-user.png */,
				047ACE0916A3001000901B69 /* SCLoginViewController.h */,
				047ACE0A16A3001000901B69 /* SCLoginViewController.m */,
				047ACE0B16A3001000901B69 /* SCLoginViewController.xib */,
				047ACE0016A2FF8D00901B69 /* images */,
			);
			name = Profil;
			sourceTree = "<group>";
		};
		0477AF7C161C7AE0007442FB /* Wine */ = {
			isa = PBXGroup;
			children = (
				0477AF7E161C7B2C007442FB /* WineListViewController.m */,
				0477AF7D161C7B2C007442FB /* WineListViewController.h */,
				0477AF86161C7EEC007442FB /* DetailWineViewController.m */,
				0477AF85161C7EEC007442FB /* DetailWineViewController.h */,
				0477AF80161C7D3C007442FB /* 142-wine-bottle.png */,
				04A47E1C162465AD00791595 /* 87-wine-glass.png */,
				04DD5DA816A1ED1F0059AE4F /* vins.json */,
			);
			name = Wine;
			sourceTree = "<group>";
		};
		047ACE0016A2FF8D00901B69 /* images */ = {
			isa = PBXGroup;
			children = (
				047ACE0116A2FF8D00901B69 /* action-eating.png */,
				047ACE0216A2FF8D00901B69 /* action-location.png */,
				047ACE0316A2FF8D00901B69 /* action-people.png */,
				047ACE0416A2FF8D00901B69 /* facebook.png */,
			);
			path = images;
			sourceTree = "<group>";
		};
		04A47DAF1624421600791595 /* Video */ = {
			isa = PBXGroup;
			children = (
				04A47DB11624429600791595 /* 70-tv.png */,
				04A47E1E1624661700791595 /* 45-movie-1.png */,
				04A47DB4162442CD00791595 /* VideoListViewController.m */,
				04A47DB3162442CD00791595 /* VideoListViewController.h */,
				04A47DB61624444700791595 /* DetailVideoViewController.h */,
				04A47DB71624444700791595 /* DetailVideoViewController.m */,
				04D4B3A316A40B300079A964 /* Video.m */,
				04D4B3A216A40B300079A964 /* Video.h */,
			);
			name = Video;
			sourceTree = "<group>";
		};
		04A47DBD16244C2A00791595 /* About */ = {
			isa = PBXGroup;
			children = (
				04A47DC016244C5900791595 /* AboutViewController.m */,
				04A47DBF16244C5900791595 /* AboutViewController.h */,
				04A47DCA16244F0F00791595 /* 90-life-buoy.png */,
			);
			name = About;
			sourceTree = "<group>";
		};
		04A47DBE16244C3400791595 /* Commande */ = {
			isa = PBXGroup;
			children = (
				04A47DC216244C7300791595 /* CommandeListViewController.h */,
				04A47DC516244C9200791595 /* DetailCommandeViewController.h */,
				04A47DC616244C9200791595 /* DetailCommandeViewController.m */,
				04A47DC816244EAF00791595 /* 172-pricetag.png */,
				04A47DC316244C7300791595 /* CommandeListViewController.m */,
			);
			name = Commande;
			sourceTree = "<group>";
		};
		04A47DD516245D5300791595 /* JSONKit */ = {
			isa = PBXGroup;
			children = (
				04A47DD616245D5300791595 /* CHANGELOG.md */,
				04A47DD716245D5300791595 /* JSONKit.h */,
				04A47DD816245D5300791595 /* JSONKit.m */,
				04A47DD916245D5300791595 /* README.md */,
			);
			path = JSONKit;
			sourceTree = SOURCE_ROOT;
		};
		04A47E0E16245EF100791595 /* LBYouTubeView */ = {
			isa = PBXGroup;
			children = (
				04A47E0F16245EF100791595 /* LBYouTube.h */,
				04A47E1016245EF100791595 /* LBYouTubeExtractor.h */,
				04A47E1116245EF100791595 /* LBYouTubeExtractor.m */,
				04A47E1216245EF100791595 /* LBYouTubePlayerController.h */,
				04A47E1316245EF100791595 /* LBYouTubePlayerController.m */,
				04A47E1416245EF100791595 /* LBYouTubePlayerViewController.h */,
				04A47E1516245EF100791595 /* LBYouTubePlayerViewController.m */,
			);
			name = LBYouTubeView;
			path = LBYouTubeView/LBYouTubeView;
			sourceTree = SOURCE_ROOT;
		};
		04A47E1B162461CD00791595 /* SubModule */ = {
			isa = PBXGroup;
			children = (
				04A47E0E16245EF100791595 /* LBYouTubeView */,
				04A47DD516245D5300791595 /* JSONKit */,
			);
			name = SubModule;
			sourceTree = "<group>";
		};
/* End PBXGroup section */

/* Begin PBXNativeTarget section */
		046B200C1619CBB3003DF181 /* ProjetiPhone */ = {
			isa = PBXNativeTarget;
			buildConfigurationList = 046B20401619CBB4003DF181 /* Build configuration list for PBXNativeTarget "ProjetiPhone" */;
			buildPhases = (
				046B20091619CBB3003DF181 /* Sources */,
				046B200A1619CBB3003DF181 /* Frameworks */,
				046B200B1619CBB3003DF181 /* Resources */,
			);
			buildRules = (
			);
			dependencies = (
			);
			name = ProjetiPhone;
			productName = ProjetiPhone;
			productReference = 046B200D1619CBB3003DF181 /* ProjetiPhone.app */;
			productType = "com.apple.product-type.application";
		};
		046B202D1619CBB3003DF181 /* ProjetiPhoneTests */ = {
			isa = PBXNativeTarget;
			buildConfigurationList = 046B20431619CBB4003DF181 /* Build configuration list for PBXNativeTarget "ProjetiPhoneTests" */;
			buildPhases = (
				046B20291619CBB3003DF181 /* Sources */,
				046B202A1619CBB3003DF181 /* Frameworks */,
				046B202B1619CBB3003DF181 /* Resources */,
				046B202C1619CBB3003DF181 /* ShellScript */,
			);
			buildRules = (
			);
			dependencies = (
				046B20341619CBB3003DF181 /* PBXTargetDependency */,
			);
			name = ProjetiPhoneTests;
			productName = ProjetiPhoneTests;
			productReference = 046B202E1619CBB3003DF181 /* ProjetiPhoneTests.octest */;
			productType = "com.apple.product-type.bundle";
		};
/* End PBXNativeTarget section */

/* Begin PBXProject section */
		046B20041619CBB3003DF181 /* Project object */ = {
			isa = PBXProject;
			attributes = {
				LastUpgradeCheck = 0450;
				ORGANIZATIONNAME = "Johan Delouche";
			};
			buildConfigurationList = 046B20071619CBB3003DF181 /* Build configuration list for PBXProject "ProjetiPhone" */;
			compatibilityVersion = "Xcode 3.2";
			developmentRegion = English;
			hasScannedForEncodings = 0;
			knownRegions = (
				en,
			);
			mainGroup = 046B20021619CBB3003DF181;
			productRefGroup = 046B200E1619CBB3003DF181 /* Products */;
			projectDirPath = "";
			projectRoot = "";
			targets = (
				046B200C1619CBB3003DF181 /* ProjetiPhone */,
				046B202D1619CBB3003DF181 /* ProjetiPhoneTests */,
			);
		};
/* End PBXProject section */

/* Begin PBXResourcesBuildPhase section */
		046B200B1619CBB3003DF181 /* Resources */ = {
			isa = PBXResourcesBuildPhase;
			buildActionMask = 2147483647;
			files = (
				046B201C1619CBB3003DF181 /* InfoPlist.strings in Resources */,
				046B20261619CBB3003DF181 /* Default@2x.png in Resources */,
				046B20281619CBB3003DF181 /* Default-568h@2x.png in Resources */,
				0477AF76161C6900007442FB /* 140-gradhat.png in Resources */,
				0477AF78161C6939007442FB /* 111-user.png in Resources */,
				0477AF81161C7D3C007442FB /* 142-wine-bottle.png in Resources */,
				04A47DB21624429600791595 /* 70-tv.png in Resources */,
				04A47DC916244EAF00791595 /* 172-pricetag.png in Resources */,
				04A47DCB16244F0F00791595 /* 90-life-buoy.png in Resources */,
				04A47DD01624540000791595 /* Default.png in Resources */,
				04A47DDA16245D5300791595 /* CHANGELOG.md in Resources */,
				04A47DDC16245D5300791595 /* README.md in Resources */,
				04A47E1D162465AE00791595 /* 87-wine-glass.png in Resources */,
				04A47E1F1624661700791595 /* 45-movie-1.png in Resources */,
				046A4C401639278200D51C39 /* cours.json in Resources */,
				04DD5DA916A1ED1F0059AE4F /* vins.json in Resources */,
				047ACDF316A2F79000901B69 /* FacebookSDKResources.bundle in Resources */,
				047ACDF516A2F7BA00901B69 /* FBUserSettingsViewResources.bundle in Resources */,
				047ACE0516A2FF8D00901B69 /* action-eating.png in Resources */,
				047ACE0616A2FF8D00901B69 /* action-location.png in Resources */,
				047ACE0716A2FF8D00901B69 /* action-people.png in Resources */,
				047ACE0816A2FF8D00901B69 /* facebook.png in Resources */,
				047ACE0D16A3001000901B69 /* SCLoginViewController.xib in Resources */,
			);
			runOnlyForDeploymentPostprocessing = 0;
		};
		046B202B1619CBB3003DF181 /* Resources */ = {
			isa = PBXResourcesBuildPhase;
			buildActionMask = 2147483647;
			files = (
				046B203A1619CBB4003DF181 /* InfoPlist.strings in Resources */,
			);
			runOnlyForDeploymentPostprocessing = 0;
		};
/* End PBXResourcesBuildPhase section */

/* Begin PBXShellScriptBuildPhase section */
		046B202C1619CBB3003DF181 /* ShellScript */ = {
			isa = PBXShellScriptBuildPhase;
			buildActionMask = 2147483647;
			files = (
			);
			inputPaths = (
			);
			outputPaths = (
			);
			runOnlyForDeploymentPostprocessing = 0;
			shellPath = /bin/sh;
			shellScript = "# Run the unit tests in this test bundle.\n\"${SYSTEM_DEVELOPER_DIR}/Tools/RunUnitTests\"\n";
		};
/* End PBXShellScriptBuildPhase section */

/* Begin PBXSourcesBuildPhase section */
		046B20091619CBB3003DF181 /* Sources */ = {
			isa = PBXSourcesBuildPhase;
			buildActionMask = 2147483647;
			files = (
				046B201E1619CBB3003DF181 /* main.m in Sources */,
				046B20221619CBB3003DF181 /* AppDelegate.m in Sources */,
				0477AF70161C65E7007442FB /* CoursListViewController.m in Sources */,
				0477AF74161C67F5007442FB /* MyProfilViewController.m in Sources */,
				0477AF7B161C740A007442FB /* DetailCoursViewController.m in Sources */,
				041AFD881647E19200905A6F /* DownloadManager.m in Sources */,
				041AFD8A1647E1E500905A6F /* DownloadOperation.m in Sources */,
				0477AF7F161C7B2C007442FB /* WineListViewController.m in Sources */,
				0477AF87161C7EEC007442FB /* DetailWineViewController.m in Sources */,
				04A47DB5162442CD00791595 /* VideoListViewController.m in Sources */,
				04A47DB81624444700791595 /* DetailVideoViewController.m in Sources */,
				04A47DC116244C5900791595 /* AboutViewController.m in Sources */,
				04A47DC416244C7300791595 /* CommandeListViewController.m in Sources */,
				04A47DC716244C9200791595 /* DetailCommandeViewController.m in Sources */,
				04A47DDB16245D5300791595 /* JSONKit.m in Sources */,
				04A47E1616245EF100791595 /* LBYouTubeExtractor.m in Sources */,
				04A47E1716245EF100791595 /* LBYouTubePlayerController.m in Sources */,
				04A47E1816245EF100791595 /* LBYouTubePlayerViewController.m in Sources */,
				046A4C44163927D900D51C39 /* Cours.m in Sources */,
				046A4C47163928A500D51C39 /* Wine.m in Sources */,
				046A4C4A1639306600D51C39 /* Location.m in Sources */,
				047ACE0C16A3001000901B69 /* SCLoginViewController.m in Sources */,
				04D4B3A416A40B300079A964 /* Video.m in Sources */,
			);
			runOnlyForDeploymentPostprocessing = 0;
		};
		046B20291619CBB3003DF181 /* Sources */ = {
			isa = PBXSourcesBuildPhase;
			buildActionMask = 2147483647;
			files = (
				046B203D1619CBB4003DF181 /* ProjetiPhoneTests.m in Sources */,
				046A4C511639343100D51C39 /* DownloadManager.m in Sources */,
				046A4C521639343100D51C39 /* DownloadOperation.m in Sources */,
			);
			runOnlyForDeploymentPostprocessing = 0;
		};
/* End PBXSourcesBuildPhase section */

/* Begin PBXTargetDependency section */
		046B20341619CBB3003DF181 /* PBXTargetDependency */ = {
			isa = PBXTargetDependency;
			target = 046B200C1619CBB3003DF181 /* ProjetiPhone */;
			targetProxy = 046B20331619CBB3003DF181 /* PBXContainerItemProxy */;
		};
/* End PBXTargetDependency section */

/* Begin PBXVariantGroup section */
		046B201A1619CBB3003DF181 /* InfoPlist.strings */ = {
			isa = PBXVariantGroup;
			children = (
				046B201B1619CBB3003DF181 /* en */,
			);
			name = InfoPlist.strings;
			sourceTree = "<group>";
		};
		046B20381619CBB4003DF181 /* InfoPlist.strings */ = {
			isa = PBXVariantGroup;
			children = (
				046B20391619CBB4003DF181 /* en */,
			);
			name = InfoPlist.strings;
			sourceTree = "<group>";
		};
/* End PBXVariantGroup section */

/* Begin XCBuildConfiguration section */
		046B203E1619CBB4003DF181 /* Debug */ = {
			isa = XCBuildConfiguration;
			buildSettings = {
				ALWAYS_SEARCH_USER_PATHS = NO;
				CLANG_CXX_LANGUAGE_STANDARD = "gnu++0x";
				CLANG_CXX_LIBRARY = "libc++";
				CLANG_ENABLE_OBJC_ARC = YES;
				CLANG_WARN_EMPTY_BODY = YES;
				CLANG_WARN__DUPLICATE_METHOD_MATCH = YES;
				"CODE_SIGN_IDENTITY[sdk=iphoneos*]" = "iPhone Developer";
				COPY_PHASE_STRIP = NO;
				GCC_C_LANGUAGE_STANDARD = gnu99;
				GCC_DYNAMIC_NO_PIC = NO;
				GCC_OPTIMIZATION_LEVEL = 0;
				GCC_PREPROCESSOR_DEFINITIONS = (
					"DEBUG=1",
					"$(inherited)",
				);
				GCC_SYMBOLS_PRIVATE_EXTERN = NO;
				GCC_WARN_ABOUT_RETURN_TYPE = YES;
				GCC_WARN_UNINITIALIZED_AUTOS = YES;
				GCC_WARN_UNUSED_VARIABLE = YES;
				IPHONEOS_DEPLOYMENT_TARGET = 6.0;
				SDKROOT = iphoneos;
			};
			name = Debug;
		};
		046B203F1619CBB4003DF181 /* Release */ = {
			isa = XCBuildConfiguration;
			buildSettings = {
				ALWAYS_SEARCH_USER_PATHS = NO;
				CLANG_CXX_LANGUAGE_STANDARD = "gnu++0x";
				CLANG_CXX_LIBRARY = "libc++";
				CLANG_ENABLE_OBJC_ARC = YES;
				CLANG_WARN_EMPTY_BODY = YES;
				CLANG_WARN__DUPLICATE_METHOD_MATCH = YES;
				"CODE_SIGN_IDENTITY[sdk=iphoneos*]" = "iPhone Developer";
				COPY_PHASE_STRIP = YES;
				GCC_C_LANGUAGE_STANDARD = gnu99;
				GCC_WARN_ABOUT_RETURN_TYPE = YES;
				GCC_WARN_UNINITIALIZED_AUTOS = YES;
				GCC_WARN_UNUSED_VARIABLE = YES;
				IPHONEOS_DEPLOYMENT_TARGET = 6.0;
				OTHER_CFLAGS = "-DNS_BLOCK_ASSERTIONS=1";
				SDKROOT = iphoneos;
				VALIDATE_PRODUCT = YES;
			};
			name = Release;
		};
		046B20411619CBB4003DF181 /* Debug */ = {
			isa = XCBuildConfiguration;
			buildSettings = {
				FRAMEWORK_SEARCH_PATHS = (
					"$(inherited)",
					"\"$(SRCROOT)\"",
				);
				GCC_PRECOMPILE_PREFIX_HEADER = YES;
				GCC_PREFIX_HEADER = "ProjetiPhone/ProjetiPhone-Prefix.pch";
				INFOPLIST_FILE = "ProjetiPhone/ProjetiPhone-Info.plist";
				New_Setting = "";
				"OTHER_LDFLAGS[arch=*]" = "-lsqlite3.0";
				PRODUCT_NAME = "$(TARGET_NAME)";
				WRAPPER_EXTENSION = app;
			};
			name = Debug;
		};
		046B20421619CBB4003DF181 /* Release */ = {
			isa = XCBuildConfiguration;
			buildSettings = {
				FRAMEWORK_SEARCH_PATHS = (
					"$(inherited)",
					"\"$(SRCROOT)\"",
				);
				GCC_PRECOMPILE_PREFIX_HEADER = YES;
				GCC_PREFIX_HEADER = "ProjetiPhone/ProjetiPhone-Prefix.pch";
				INFOPLIST_FILE = "ProjetiPhone/ProjetiPhone-Info.plist";
				New_Setting = "";
				"OTHER_LDFLAGS[arch=*]" = "-lsqlite3.0";
				PRODUCT_NAME = "$(TARGET_NAME)";
				WRAPPER_EXTENSION = app;
			};
			name = Release;
		};
		046B20441619CBB4003DF181 /* Debug */ = {
			isa = XCBuildConfiguration;
			buildSettings = {
				BUNDLE_LOADER = "$(BUILT_PRODUCTS_DIR)/ProjetiPhone.app/ProjetiPhone";
				FRAMEWORK_SEARCH_PATHS = (
					"\"$(SDKROOT)/Developer/Library/Frameworks\"",
					"\"$(DEVELOPER_LIBRARY_DIR)/Frameworks\"",
				);
				GCC_PRECOMPILE_PREFIX_HEADER = YES;
				GCC_PREFIX_HEADER = "ProjetiPhone/ProjetiPhone-Prefix.pch";
				INFOPLIST_FILE = "ProjetiPhoneTests/ProjetiPhoneTests-Info.plist";
				PRODUCT_NAME = "$(TARGET_NAME)";
				TEST_HOST = "$(BUNDLE_LOADER)";
				WRAPPER_EXTENSION = octest;
			};
			name = Debug;
		};
		046B20451619CBB4003DF181 /* Release */ = {
			isa = XCBuildConfiguration;
			buildSettings = {
				BUNDLE_LOADER = "$(BUILT_PRODUCTS_DIR)/ProjetiPhone.app/ProjetiPhone";
				FRAMEWORK_SEARCH_PATHS = (
					"\"$(SDKROOT)/Developer/Library/Frameworks\"",
					"\"$(DEVELOPER_LIBRARY_DIR)/Frameworks\"",
				);
				GCC_PRECOMPILE_PREFIX_HEADER = YES;
				GCC_PREFIX_HEADER = "ProjetiPhone/ProjetiPhone-Prefix.pch";
				INFOPLIST_FILE = "ProjetiPhoneTests/ProjetiPhoneTests-Info.plist";
				PRODUCT_NAME = "$(TARGET_NAME)";
				TEST_HOST = "$(BUNDLE_LOADER)";
				WRAPPER_EXTENSION = octest;
			};
			name = Release;
		};
/* End XCBuildConfiguration section */

/* Begin XCConfigurationList section */
		046B20071619CBB3003DF181 /* Build configuration list for PBXProject "ProjetiPhone" */ = {
			isa = XCConfigurationList;
			buildConfigurations = (
				046B203E1619CBB4003DF181 /* Debug */,
				046B203F1619CBB4003DF181 /* Release */,
			);
			defaultConfigurationIsVisible = 0;
			defaultConfigurationName = Release;
		};
		046B20401619CBB4003DF181 /* Build configuration list for PBXNativeTarget "ProjetiPhone" */ = {
			isa = XCConfigurationList;
			buildConfigurations = (
				046B20411619CBB4003DF181 /* Debug */,
				046B20421619CBB4003DF181 /* Release */,
			);
			defaultConfigurationIsVisible = 0;
			defaultConfigurationName = Release;
		};
		046B20431619CBB4003DF181 /* Build configuration list for PBXNativeTarget "ProjetiPhoneTests" */ = {
			isa = XCConfigurationList;
			buildConfigurations = (
				046B20441619CBB4003DF181 /* Debug */,
				046B20451619CBB4003DF181 /* Release */,
			);
			defaultConfigurationIsVisible = 0;
			defaultConfigurationName = Release;
		};
/* End XCConfigurationList section */
	};
	rootObject = 046B20041619CBB3003DF181 /* Project object */;
}
